
Microsoft Visual Studio Solution File, Format Version 12.00
# Visual Studio Version 17
VisualStudioVersion = 17.0.32112.339
MinimumVisualStudioVersion = 10.0.40219.1
Project("{FAE04EC0-301F-11D3-BF4B-00C04F79EFBC}") = "Test_IFC", "Test_IFC.csproj", "{2FC42878-0F59-4EEE-8D1E-396FABDB5A91}"
EndProject
Global
	GlobalSection(SolutionConfigurationPlatforms) = preSolution
		Debug|Any CPU = Debug|Any CPU
		Release|Any CPU = Release|Any CPU
	EndGlobalSection
	GlobalSection(ProjectConfigurationPlatforms) = postSolution
		{2FC42878-0F59-4EEE-8D1E-396FABDB5A91}.Debug|Any CPU.ActiveCfg = Debug|Any CPU
		{2FC42878-0F59-4EEE-8D1E-396FABDB5A91}.Debug|Any CPU.Build.0 = Debug|Any CPU
		{2FC42878-0F59-4EEE-8D1E-396FABDB5A91}.Release|Any CPU.ActiveCfg = Release|Any CPU
		{2FC42878-0F59-4EEE-8D1E-396FABDB5A91}.Release|Any CPU.Build.0 = Release|Any CPU
	EndGlobalSection
	GlobalSection(SolutionProperties) = preSolution
		HideSolutionNode = FALSE
	EndGlobalSection
	GlobalSection(ExtensibilityGlobals) = postSolution
		SolutionGuid = {B7E92C5F-C279-4CB5-8B07-4E070AB8F2E4}
	EndGlobalSection
EndGlobal
